# THIS IS AN AUTOGENERATED FILE. DO NOT EDIT THIS FILE DIRECTLY.
# yarn lockfile v1


bs-platform@^8.4.2:
  version "8.4.2"
  resolved "https://registry.yarnpkg.com/bs-platform/-/bs-platform-8.4.2.tgz#778dabd1dfb3bc95e0086c58dabae74e4ebdee8a"
  integrity sha512-9q7S4/LLV/a68CweN382NJdCCr/lOSsJR3oQYnmPK98ChfO/AdiA3lYQkQTp6T+U0I5Z5RypUAUprNstwDtMDQ==

native-url@^0.3.4:
  version "0.3.4"
  resolved "https://registry.yarnpkg.com/native-url/-/native-url-0.3.4.tgz#29c943172aed86c63cee62c8c04db7f5756661f8"
  integrity sha512-6iM8R99ze45ivyH8vybJ7X0yekIcPf5GgLV5K0ENCbmRcaRIDoj37BC8iLEmaaBfqqb8enuZ5p0uhY+lVAbAcA==
  dependencies:
    querystring "^0.2.0"

querystring@^0.2.0:
  version "0.2.0"
  resolved "https://registry.yarnpkg.com/querystring/-/querystring-0.2.0.tgz#b209849203bb25df820da756e747005878521620"
  integrity sha1-sgmEkgO7Jd+CDadW50cAWHhSFiA=
